
Microsoft Visual Studio Solution File, Format Version 12.00
# Visual Studio Version 16
VisualStudioVersion = 16.0.30621.155
MinimumVisualStudioVersion = 10.0.40219.1
Project("{E24C65DC-7377-472B-9ABA-BC803B73C61A}") = "AllPathWebJS", ".", "{F4378256-3315-417A-9DE4-3376C9EE4401}"
	ProjectSection(WebsiteProperties) = preProject
		TargetFrameworkMoniker = ".NETFramework,Version%3Dv4.0"
		Debug.AspNetCompiler.VirtualPath = "/localhost_61190"
		Debug.AspNetCompiler.PhysicalPath = "..\AllPathWebJS\"
		Debug.AspNetCompiler.TargetPath = "PrecompiledWeb\localhost_61190\"
		Debug.AspNetCompiler.Updateable = "true"
		Debug.AspNetCompiler.ForceOverwrite = "true"
		Debug.AspNetCompiler.FixedNames = "false"
		Debug.AspNetCompiler.Debug = "True"
		Release.AspNetCompiler.VirtualPath = "/localhost_61190"
		Release.AspNetCompiler.PhysicalPath = "..\AllPathWebJS\"
		Release.AspNetCompiler.TargetPath = "PrecompiledWeb\localhost_61190\"
		Release.AspNetCompiler.Updateable = "true"
		Release.AspNetCompiler.ForceOverwrite = "true"
		Release.AspNetCompiler.FixedNames = "false"
		Release.AspNetCompiler.Debug = "False"
		VWDPort = "61190"
		SlnRelativePath = "..\AllPathWebJS\"
	EndProjectSection
EndProject
Project("{9092AA53-FB77-4645-B42D-1CCCA6BD08BD}") = "AllPathWebJS", "AllPathWebJS.njsproj", "{75A97081-9E43-462C-ACB9-0E38BEAA0086}"
EndProject
Global
	GlobalSection(SolutionConfigurationPlatforms) = preSolution
		Debug|Any CPU = Debug|Any CPU
		Release|Any CPU = Release|Any CPU
	EndGlobalSection
	GlobalSection(ProjectConfigurationPlatforms) = postSolution
		{F4378256-3315-417A-9DE4-3376C9EE4401}.Debug|Any CPU.ActiveCfg = Debug|Any CPU
		{F4378256-3315-417A-9DE4-3376C9EE4401}.Debug|Any CPU.Build.0 = Debug|Any CPU
		{F4378256-3315-417A-9DE4-3376C9EE4401}.Release|Any CPU.ActiveCfg = Debug|Any CPU
		{F4378256-3315-417A-9DE4-3376C9EE4401}.Release|Any CPU.Build.0 = Debug|Any CPU
		{75A97081-9E43-462C-ACB9-0E38BEAA0086}.Debug|Any CPU.ActiveCfg = Debug|Any CPU
		{75A97081-9E43-462C-ACB9-0E38BEAA0086}.Debug|Any CPU.Build.0 = Debug|Any CPU
		{75A97081-9E43-462C-ACB9-0E38BEAA0086}.Release|Any CPU.ActiveCfg = Release|Any CPU
		{75A97081-9E43-462C-ACB9-0E38BEAA0086}.Release|Any CPU.Build.0 = Release|Any CPU
	EndGlobalSection
	GlobalSection(SolutionProperties) = preSolution
		HideSolutionNode = FALSE
	EndGlobalSection
	GlobalSection(ExtensibilityGlobals) = postSolution
		SolutionGuid = {451C0577-B53C-4458-8964-B9BE4147A526}
	EndGlobalSection
EndGlobal
